
Microsoft Visual Studio Solution File, Format Version 12.00
# Visual Studio Version 17
VisualStudioVersion = 17.5.33516.290
MinimumVisualStudioVersion = 10.0.40219.1
Project("{2150E333-8FDC-42A3-9474-1A3956D46DE8}") = "Testing", "Testing", "{68E6AC7A-B6D6-4060-AC5C-0493C1CAF093}"
EndProject
Project("{9A19103F-16F7-4668-BE54-9A1E7A4F7556}") = "ASqlServer.Test", "ASqlServer.Test\ASqlServer.Test.csproj", "{4CA7BC71-4F7A-4305-ACCB-70DE91B62F95}"
EndProject
Project("{9A19103F-16F7-4668-BE54-9A1E7A4F7556}") = "ABulkCopy.Common", "ABulkCopy.Common\ABulkCopy.Common.csproj", "{AFED05D0-0FA8-4F89-B0AA-979B927AF0BB}"
EndProject
Project("{9A19103F-16F7-4668-BE54-9A1E7A4F7556}") = "Common.Test", "Common.Test\Common.Test.csproj", "{18C5753E-7D2A-4449-BAE9-92663FCEE07F}"
EndProject
Project("{9A19103F-16F7-4668-BE54-9A1E7A4F7556}") = "Testing.Shared", "Testing.Shared\Testing.Shared.csproj", "{476DDC45-1F27-4275-BF3E-98A0DB42C29D}"
EndProject
Project("{9A19103F-16F7-4668-BE54-9A1E7A4F7556}") = "ABulkCopy.Cmd", "ABulkCopy.Cmd\ABulkCopy.Cmd.csproj", "{7F302965-8205-4D0D-A5AC-59F193CE9431}"
EndProject
Project("{9A19103F-16F7-4668-BE54-9A1E7A4F7556}") = "ABulkCopy.APostgres", "ABulkCopy.APostgres\ABulkCopy.APostgres.csproj", "{9A031639-4890-4639-90F1-ADDB79F7293B}"
EndProject
Project("{9A19103F-16F7-4668-BE54-9A1E7A4F7556}") = "ABulkCopy.ASqlServer", "ABulkCopy.ASqlServer\ABulkCopy.ASqlServer.csproj", "{E5D1BAF2-F282-4415-A379-D39C419BED0D}"
EndProject
Project("{9A19103F-16F7-4668-BE54-9A1E7A4F7556}") = "APostgres.Test", "APostgres.Test\APostgres.Test.csproj", "{63EB203D-04CB-4167-9909-9F958DE77777}"
EndProject
Project("{9A19103F-16F7-4668-BE54-9A1E7A4F7556}") = "AParser", "AParser\AParser.csproj", "{C11AF6ED-8BB9-45F8-80C1-40EB984DEABD}"
EndProject
Project("{9A19103F-16F7-4668-BE54-9A1E7A4F7556}") = "AParser.Test", "AParser.Test\AParser.Test.csproj", "{42C9FF62-862C-44A9-B998-297A33EFA678}"
EndProject
Project("{9A19103F-16F7-4668-BE54-9A1E7A4F7556}") = "Benchmark.Test", "Benchmark.Test\Benchmark.Test.csproj", "{095845AB-F82F-4C05-A554-19BF9C8726E3}"
EndProject
Project("{2150E333-8FDC-42A3-9474-1A3956D46DE8}") = "CreateDb", "CreateDb", "{52F62825-B054-4AA0-A0D6-BF261E1B5546}"
EndProject
Project("{9A19103F-16F7-4668-BE54-9A1E7A4F7556}") = "CreateMssTestDatabase", "CreateMssTestDatabase\CreateMssTestDatabase.csproj", "{87C49480-1070-47EE-96A0-20C5137C58D5}"
EndProject
Project("{9A19103F-16F7-4668-BE54-9A1E7A4F7556}") = "CreatePgTestDatabase", "CreatePgTestDatabase\CreatePgTestDatabase.csproj", "{9EFF03C2-3D2E-4509-AA4F-53C1F9ADC21C}"
EndProject
Project("{FAE04EC0-301F-11D3-BF4B-00C04F79EFBC}") = "SqlServer.DbTest", "SqlServer.DbTest\SqlServer.DbTest.csproj", "{54DBA6EB-715F-47CB-A1CA-B83717324A3B}"
EndProject
Project("{2150E333-8FDC-42A3-9474-1A3956D46DE8}") = "DbTests", "DbTests", "{AC15F385-55B9-430C-8DEF-DAD7FA43CD40}"
EndProject
Project("{FAE04EC0-301F-11D3-BF4B-00C04F79EFBC}") = "Postgres.DbTests", "Postgres.DbTests\Postgres.DbTests.csproj", "{670F2FC8-C58A-4BDD-8C03-868F07B529B4}"
EndProject
Global
	GlobalSection(SolutionConfigurationPlatforms) = preSolution
		Debug|Any CPU = Debug|Any CPU
		Release|Any CPU = Release|Any CPU
	EndGlobalSection
	GlobalSection(ProjectConfigurationPlatforms) = postSolution
		{4CA7BC71-4F7A-4305-ACCB-70DE91B62F95}.Debug|Any CPU.ActiveCfg = Debug|Any CPU
		{4CA7BC71-4F7A-4305-ACCB-70DE91B62F95}.Debug|Any CPU.Build.0 = Debug|Any CPU
		{4CA7BC71-4F7A-4305-ACCB-70DE91B62F95}.Release|Any CPU.ActiveCfg = Release|Any CPU
		{4CA7BC71-4F7A-4305-ACCB-70DE91B62F95}.Release|Any CPU.Build.0 = Release|Any CPU
		{AFED05D0-0FA8-4F89-B0AA-979B927AF0BB}.Debug|Any CPU.ActiveCfg = Debug|Any CPU
		{AFED05D0-0FA8-4F89-B0AA-979B927AF0BB}.Debug|Any CPU.Build.0 = Debug|Any CPU
		{AFED05D0-0FA8-4F89-B0AA-979B927AF0BB}.Release|Any CPU.ActiveCfg = Release|Any CPU
		{AFED05D0-0FA8-4F89-B0AA-979B927AF0BB}.Release|Any CPU.Build.0 = Release|Any CPU
		{18C5753E-7D2A-4449-BAE9-92663FCEE07F}.Debug|Any CPU.ActiveCfg = Debug|Any CPU
		{18C5753E-7D2A-4449-BAE9-92663FCEE07F}.Debug|Any CPU.Build.0 = Debug|Any CPU
		{18C5753E-7D2A-4449-BAE9-92663FCEE07F}.Release|Any CPU.ActiveCfg = Release|Any CPU
		{18C5753E-7D2A-4449-BAE9-92663FCEE07F}.Release|Any CPU.Build.0 = Release|Any CPU
		{476DDC45-1F27-4275-BF3E-98A0DB42C29D}.Debug|Any CPU.ActiveCfg = Debug|Any CPU
		{476DDC45-1F27-4275-BF3E-98A0DB42C29D}.Debug|Any CPU.Build.0 = Debug|Any CPU
		{476DDC45-1F27-4275-BF3E-98A0DB42C29D}.Release|Any CPU.ActiveCfg = Release|Any CPU
		{476DDC45-1F27-4275-BF3E-98A0DB42C29D}.Release|Any CPU.Build.0 = Release|Any CPU
		{7F302965-8205-4D0D-A5AC-59F193CE9431}.Debug|Any CPU.ActiveCfg = Debug|Any CPU
		{7F302965-8205-4D0D-A5AC-59F193CE9431}.Debug|Any CPU.Build.0 = Debug|Any CPU
		{7F302965-8205-4D0D-A5AC-59F193CE9431}.Release|Any CPU.ActiveCfg = Release|Any CPU
		{7F302965-8205-4D0D-A5AC-59F193CE9431}.Release|Any CPU.Build.0 = Release|Any CPU
		{9A031639-4890-4639-90F1-ADDB79F7293B}.Debug|Any CPU.ActiveCfg = Debug|Any CPU
		{9A031639-4890-4639-90F1-ADDB79F7293B}.Debug|Any CPU.Build.0 = Debug|Any CPU
		{9A031639-4890-4639-90F1-ADDB79F7293B}.Release|Any CPU.ActiveCfg = Release|Any CPU
		{9A031639-4890-4639-90F1-ADDB79F7293B}.Release|Any CPU.Build.0 = Release|Any CPU
		{E5D1BAF2-F282-4415-A379-D39C419BED0D}.Debug|Any CPU.ActiveCfg = Debug|Any CPU
		{E5D1BAF2-F282-4415-A379-D39C419BED0D}.Debug|Any CPU.Build.0 = Debug|Any CPU
		{E5D1BAF2-F282-4415-A379-D39C419BED0D}.Release|Any CPU.ActiveCfg = Release|Any CPU
		{E5D1BAF2-F282-4415-A379-D39C419BED0D}.Release|Any CPU.Build.0 = Release|Any CPU
		{63EB203D-04CB-4167-9909-9F958DE77777}.Debug|Any CPU.ActiveCfg = Debug|Any CPU
		{63EB203D-04CB-4167-9909-9F958DE77777}.Debug|Any CPU.Build.0 = Debug|Any CPU
		{63EB203D-04CB-4167-9909-9F958DE77777}.Release|Any CPU.ActiveCfg = Release|Any CPU
		{63EB203D-04CB-4167-9909-9F958DE77777}.Release|Any CPU.Build.0 = Release|Any CPU
		{C11AF6ED-8BB9-45F8-80C1-40EB984DEABD}.Debug|Any CPU.ActiveCfg = Debug|Any CPU
		{C11AF6ED-8BB9-45F8-80C1-40EB984DEABD}.Debug|Any CPU.Build.0 = Debug|Any CPU
		{C11AF6ED-8BB9-45F8-80C1-40EB984DEABD}.Release|Any CPU.ActiveCfg = Release|Any CPU
		{C11AF6ED-8BB9-45F8-80C1-40EB984DEABD}.Release|Any CPU.Build.0 = Release|Any CPU
		{42C9FF62-862C-44A9-B998-297A33EFA678}.Debug|Any CPU.ActiveCfg = Debug|Any CPU
		{42C9FF62-862C-44A9-B998-297A33EFA678}.Debug|Any CPU.Build.0 = Debug|Any CPU
		{42C9FF62-862C-44A9-B998-297A33EFA678}.Release|Any CPU.ActiveCfg = Release|Any CPU
		{42C9FF62-862C-44A9-B998-297A33EFA678}.Release|Any CPU.Build.0 = Release|Any CPU
		{095845AB-F82F-4C05-A554-19BF9C8726E3}.Debug|Any CPU.ActiveCfg = Debug|Any CPU
		{095845AB-F82F-4C05-A554-19BF9C8726E3}.Debug|Any CPU.Build.0 = Debug|Any CPU
		{095845AB-F82F-4C05-A554-19BF9C8726E3}.Release|Any CPU.ActiveCfg = Release|Any CPU
		{095845AB-F82F-4C05-A554-19BF9C8726E3}.Release|Any CPU.Build.0 = Release|Any CPU
		{87C49480-1070-47EE-96A0-20C5137C58D5}.Debug|Any CPU.ActiveCfg = Debug|Any CPU
		{87C49480-1070-47EE-96A0-20C5137C58D5}.Debug|Any CPU.Build.0 = Debug|Any CPU
		{87C49480-1070-47EE-96A0-20C5137C58D5}.Release|Any CPU.ActiveCfg = Release|Any CPU
		{87C49480-1070-47EE-96A0-20C5137C58D5}.Release|Any CPU.Build.0 = Release|Any CPU
		{9EFF03C2-3D2E-4509-AA4F-53C1F9ADC21C}.Debug|Any CPU.ActiveCfg = Debug|Any CPU
		{9EFF03C2-3D2E-4509-AA4F-53C1F9ADC21C}.Debug|Any CPU.Build.0 = Debug|Any CPU
		{9EFF03C2-3D2E-4509-AA4F-53C1F9ADC21C}.Release|Any CPU.ActiveCfg = Release|Any CPU
		{9EFF03C2-3D2E-4509-AA4F-53C1F9ADC21C}.Release|Any CPU.Build.0 = Release|Any CPU
		{54DBA6EB-715F-47CB-A1CA-B83717324A3B}.Debug|Any CPU.ActiveCfg = Debug|Any CPU
		{54DBA6EB-715F-47CB-A1CA-B83717324A3B}.Debug|Any CPU.Build.0 = Debug|Any CPU
		{54DBA6EB-715F-47CB-A1CA-B83717324A3B}.Release|Any CPU.ActiveCfg = Release|Any CPU
		{54DBA6EB-715F-47CB-A1CA-B83717324A3B}.Release|Any CPU.Build.0 = Release|Any CPU
		{670F2FC8-C58A-4BDD-8C03-868F07B529B4}.Debug|Any CPU.ActiveCfg = Debug|Any CPU
		{670F2FC8-C58A-4BDD-8C03-868F07B529B4}.Debug|Any CPU.Build.0 = Debug|Any CPU
		{670F2FC8-C58A-4BDD-8C03-868F07B529B4}.Release|Any CPU.ActiveCfg = Release|Any CPU
		{670F2FC8-C58A-4BDD-8C03-868F07B529B4}.Release|Any CPU.Build.0 = Release|Any CPU
	EndGlobalSection
	GlobalSection(SolutionProperties) = preSolution
		HideSolutionNode = FALSE
	EndGlobalSection
	GlobalSection(NestedProjects) = preSolution
		{4CA7BC71-4F7A-4305-ACCB-70DE91B62F95} = {68E6AC7A-B6D6-4060-AC5C-0493C1CAF093}
		{18C5753E-7D2A-4449-BAE9-92663FCEE07F} = {68E6AC7A-B6D6-4060-AC5C-0493C1CAF093}
		{476DDC45-1F27-4275-BF3E-98A0DB42C29D} = {68E6AC7A-B6D6-4060-AC5C-0493C1CAF093}
		{63EB203D-04CB-4167-9909-9F958DE77777} = {68E6AC7A-B6D6-4060-AC5C-0493C1CAF093}
		{42C9FF62-862C-44A9-B998-297A33EFA678} = {68E6AC7A-B6D6-4060-AC5C-0493C1CAF093}
		{095845AB-F82F-4C05-A554-19BF9C8726E3} = {68E6AC7A-B6D6-4060-AC5C-0493C1CAF093}
		{52F62825-B054-4AA0-A0D6-BF261E1B5546} = {68E6AC7A-B6D6-4060-AC5C-0493C1CAF093}
		{87C49480-1070-47EE-96A0-20C5137C58D5} = {52F62825-B054-4AA0-A0D6-BF261E1B5546}
		{9EFF03C2-3D2E-4509-AA4F-53C1F9ADC21C} = {52F62825-B054-4AA0-A0D6-BF261E1B5546}
		{54DBA6EB-715F-47CB-A1CA-B83717324A3B} = {AC15F385-55B9-430C-8DEF-DAD7FA43CD40}
		{AC15F385-55B9-430C-8DEF-DAD7FA43CD40} = {68E6AC7A-B6D6-4060-AC5C-0493C1CAF093}
		{670F2FC8-C58A-4BDD-8C03-868F07B529B4} = {AC15F385-55B9-430C-8DEF-DAD7FA43CD40}
	EndGlobalSection
	GlobalSection(ExtensibilityGlobals) = postSolution
		SolutionGuid = {FE8442EC-5938-4FC6-87FD-AA949B4EC6B0}
	EndGlobalSection
EndGlobal
