
Microsoft Visual Studio Solution File, Format Version 12.00
# Visual Studio Version 17
VisualStudioVersion = 17.5.33516.290
MinimumVisualStudioVersion = 10.0.40219.1
Project("{2150E333-8FDC-42A3-9474-1A3956D46DE8}") = "Testing", "Testing", "{68E6AC7A-B6D6-4060-AC5C-0493C1CAF093}"
EndProject
Project("{9A19103F-16F7-4668-BE54-9A1E7A4F7556}") = "ABulkCopy.Common", "ABulkCopy.Common\ABulkCopy.Common.csproj", "{AFED05D0-0FA8-4F89-B0AA-979B927AF0BB}"
EndProject
Project("{9A19103F-16F7-4668-BE54-9A1E7A4F7556}") = "Testing.Shared", "Testing.Shared\Testing.Shared.csproj", "{476DDC45-1F27-4275-BF3E-98A0DB42C29D}"
EndProject
Project("{9A19103F-16F7-4668-BE54-9A1E7A4F7556}") = "ABulkCopy.Cmd", "ABulkCopy.Cmd\ABulkCopy.Cmd.csproj", "{7F302965-8205-4D0D-A5AC-59F193CE9431}"
EndProject
Project("{9A19103F-16F7-4668-BE54-9A1E7A4F7556}") = "ABulkCopy.APostgres", "ABulkCopy.APostgres\ABulkCopy.APostgres.csproj", "{9A031639-4890-4639-90F1-ADDB79F7293B}"
EndProject
Project("{9A19103F-16F7-4668-BE54-9A1E7A4F7556}") = "ABulkCopy.ASqlServer", "ABulkCopy.ASqlServer\ABulkCopy.ASqlServer.csproj", "{E5D1BAF2-F282-4415-A379-D39C419BED0D}"
EndProject
Project("{9A19103F-16F7-4668-BE54-9A1E7A4F7556}") = "AParser", "AParser\AParser.csproj", "{C11AF6ED-8BB9-45F8-80C1-40EB984DEABD}"
EndProject
Project("{9A19103F-16F7-4668-BE54-9A1E7A4F7556}") = "Benchmark.Test", "Benchmark.Test\Benchmark.Test.csproj", "{095845AB-F82F-4C05-A554-19BF9C8726E3}"
EndProject
Project("{2150E333-8FDC-42A3-9474-1A3956D46DE8}") = "CreateDb", "CreateDb", "{52F62825-B054-4AA0-A0D6-BF261E1B5546}"
EndProject
Project("{9A19103F-16F7-4668-BE54-9A1E7A4F7556}") = "CreateMssTestDatabase", "CreateMssTestDatabase\CreateMssTestDatabase.csproj", "{87C49480-1070-47EE-96A0-20C5137C58D5}"
EndProject
Project("{9A19103F-16F7-4668-BE54-9A1E7A4F7556}") = "CreatePgTestDatabase", "CreatePgTestDatabase\CreatePgTestDatabase.csproj", "{9EFF03C2-3D2E-4509-AA4F-53C1F9ADC21C}"
EndProject
Project("{9A19103F-16F7-4668-BE54-9A1E7A4F7556}") = "CrossRDBMS.Tests", "End2EndTests\CrossRDBMS.Tests.csproj", "{DDCD33B0-AF05-4093-904B-E8DBA7304549}"
EndProject
Project("{9A19103F-16F7-4668-BE54-9A1E7A4F7556}") = "ABulkCopy.Cmd.Internal", "ABulkCopy.Cmd.Internal\ABulkCopy.Cmd.Internal.csproj", "{389257CC-ECDD-4C58-84EB-EB3E9807C22F}"
EndProject
Project("{2150E333-8FDC-42A3-9474-1A3956D46DE8}") = "DbTests", "DbTests", "{7E42F203-AEFE-41B1-AB2B-53AAE6E9BBEE}"
EndProject
Project("{9A19103F-16F7-4668-BE54-9A1E7A4F7556}") = "Postgres.Tests", "PostgresTests\Postgres.Tests.csproj", "{643272F9-9523-45B9-808F-9B25D2682438}"
EndProject
Project("{9A19103F-16F7-4668-BE54-9A1E7A4F7556}") = "SqlServer.Tests", "SqlServerTests\SqlServer.Tests.csproj", "{1C64630C-E6D2-4A96-B89A-FB72803841DA}"
EndProject
Project("{2150E333-8FDC-42A3-9474-1A3956D46DE8}") = "UnitTests", "UnitTests", "{007FA46D-3BE5-4B08-AEE2-55B975C9C076}"
EndProject
Project("{9A19103F-16F7-4668-BE54-9A1E7A4F7556}") = "AParser.Tests", "AParser.Tests\AParser.Tests.csproj", "{BDCDEC15-4E41-4563-9C5C-CFAFBC38A506}"
EndProject
Project("{9A19103F-16F7-4668-BE54-9A1E7A4F7556}") = "ASqlServer.Tests", "ASqlServer.Tests\ASqlServer.Tests.csproj", "{BE9CD13B-D543-4AA1-85FA-1EB390ECD716}"
EndProject
Project("{9A19103F-16F7-4668-BE54-9A1E7A4F7556}") = "APostgres.Tests", "APostgres.Tests\APostgres.Tests.csproj", "{F3757A69-DB74-454E-994B-A67D4472A865}"
EndProject
Project("{9A19103F-16F7-4668-BE54-9A1E7A4F7556}") = "Common.Tests", "Common.Tests\Common.Tests.csproj", "{DFB514DB-A3C0-473D-A5F6-E3BF9785836C}"
EndProject
Global
	GlobalSection(SolutionConfigurationPlatforms) = preSolution
		Debug|Any CPU = Debug|Any CPU
		Release|Any CPU = Release|Any CPU
	EndGlobalSection
	GlobalSection(ProjectConfigurationPlatforms) = postSolution
		{AFED05D0-0FA8-4F89-B0AA-979B927AF0BB}.Debug|Any CPU.ActiveCfg = Debug|Any CPU
		{AFED05D0-0FA8-4F89-B0AA-979B927AF0BB}.Debug|Any CPU.Build.0 = Debug|Any CPU
		{AFED05D0-0FA8-4F89-B0AA-979B927AF0BB}.Release|Any CPU.ActiveCfg = Release|Any CPU
		{AFED05D0-0FA8-4F89-B0AA-979B927AF0BB}.Release|Any CPU.Build.0 = Release|Any CPU
		{476DDC45-1F27-4275-BF3E-98A0DB42C29D}.Debug|Any CPU.ActiveCfg = Debug|Any CPU
		{476DDC45-1F27-4275-BF3E-98A0DB42C29D}.Debug|Any CPU.Build.0 = Debug|Any CPU
		{476DDC45-1F27-4275-BF3E-98A0DB42C29D}.Release|Any CPU.ActiveCfg = Release|Any CPU
		{476DDC45-1F27-4275-BF3E-98A0DB42C29D}.Release|Any CPU.Build.0 = Release|Any CPU
		{7F302965-8205-4D0D-A5AC-59F193CE9431}.Debug|Any CPU.ActiveCfg = Debug|Any CPU
		{7F302965-8205-4D0D-A5AC-59F193CE9431}.Debug|Any CPU.Build.0 = Debug|Any CPU
		{7F302965-8205-4D0D-A5AC-59F193CE9431}.Release|Any CPU.ActiveCfg = Release|Any CPU
		{7F302965-8205-4D0D-A5AC-59F193CE9431}.Release|Any CPU.Build.0 = Release|Any CPU
		{9A031639-4890-4639-90F1-ADDB79F7293B}.Debug|Any CPU.ActiveCfg = Debug|Any CPU
		{9A031639-4890-4639-90F1-ADDB79F7293B}.Debug|Any CPU.Build.0 = Debug|Any CPU
		{9A031639-4890-4639-90F1-ADDB79F7293B}.Release|Any CPU.ActiveCfg = Release|Any CPU
		{9A031639-4890-4639-90F1-ADDB79F7293B}.Release|Any CPU.Build.0 = Release|Any CPU
		{E5D1BAF2-F282-4415-A379-D39C419BED0D}.Debug|Any CPU.ActiveCfg = Debug|Any CPU
		{E5D1BAF2-F282-4415-A379-D39C419BED0D}.Debug|Any CPU.Build.0 = Debug|Any CPU
		{E5D1BAF2-F282-4415-A379-D39C419BED0D}.Release|Any CPU.ActiveCfg = Release|Any CPU
		{E5D1BAF2-F282-4415-A379-D39C419BED0D}.Release|Any CPU.Build.0 = Release|Any CPU
		{C11AF6ED-8BB9-45F8-80C1-40EB984DEABD}.Debug|Any CPU.ActiveCfg = Debug|Any CPU
		{C11AF6ED-8BB9-45F8-80C1-40EB984DEABD}.Debug|Any CPU.Build.0 = Debug|Any CPU
		{C11AF6ED-8BB9-45F8-80C1-40EB984DEABD}.Release|Any CPU.ActiveCfg = Release|Any CPU
		{C11AF6ED-8BB9-45F8-80C1-40EB984DEABD}.Release|Any CPU.Build.0 = Release|Any CPU
		{095845AB-F82F-4C05-A554-19BF9C8726E3}.Debug|Any CPU.ActiveCfg = Debug|Any CPU
		{095845AB-F82F-4C05-A554-19BF9C8726E3}.Debug|Any CPU.Build.0 = Debug|Any CPU
		{095845AB-F82F-4C05-A554-19BF9C8726E3}.Release|Any CPU.ActiveCfg = Release|Any CPU
		{095845AB-F82F-4C05-A554-19BF9C8726E3}.Release|Any CPU.Build.0 = Release|Any CPU
		{87C49480-1070-47EE-96A0-20C5137C58D5}.Debug|Any CPU.ActiveCfg = Debug|Any CPU
		{87C49480-1070-47EE-96A0-20C5137C58D5}.Debug|Any CPU.Build.0 = Debug|Any CPU
		{87C49480-1070-47EE-96A0-20C5137C58D5}.Release|Any CPU.ActiveCfg = Release|Any CPU
		{87C49480-1070-47EE-96A0-20C5137C58D5}.Release|Any CPU.Build.0 = Release|Any CPU
		{9EFF03C2-3D2E-4509-AA4F-53C1F9ADC21C}.Debug|Any CPU.ActiveCfg = Debug|Any CPU
		{9EFF03C2-3D2E-4509-AA4F-53C1F9ADC21C}.Debug|Any CPU.Build.0 = Debug|Any CPU
		{9EFF03C2-3D2E-4509-AA4F-53C1F9ADC21C}.Release|Any CPU.ActiveCfg = Release|Any CPU
		{9EFF03C2-3D2E-4509-AA4F-53C1F9ADC21C}.Release|Any CPU.Build.0 = Release|Any CPU
		{DDCD33B0-AF05-4093-904B-E8DBA7304549}.Debug|Any CPU.ActiveCfg = Debug|Any CPU
		{DDCD33B0-AF05-4093-904B-E8DBA7304549}.Debug|Any CPU.Build.0 = Debug|Any CPU
		{DDCD33B0-AF05-4093-904B-E8DBA7304549}.Release|Any CPU.ActiveCfg = Release|Any CPU
		{DDCD33B0-AF05-4093-904B-E8DBA7304549}.Release|Any CPU.Build.0 = Release|Any CPU
		{389257CC-ECDD-4C58-84EB-EB3E9807C22F}.Debug|Any CPU.ActiveCfg = Debug|Any CPU
		{389257CC-ECDD-4C58-84EB-EB3E9807C22F}.Debug|Any CPU.Build.0 = Debug|Any CPU
		{389257CC-ECDD-4C58-84EB-EB3E9807C22F}.Release|Any CPU.ActiveCfg = Release|Any CPU
		{389257CC-ECDD-4C58-84EB-EB3E9807C22F}.Release|Any CPU.Build.0 = Release|Any CPU
		{643272F9-9523-45B9-808F-9B25D2682438}.Debug|Any CPU.ActiveCfg = Debug|Any CPU
		{643272F9-9523-45B9-808F-9B25D2682438}.Debug|Any CPU.Build.0 = Debug|Any CPU
		{643272F9-9523-45B9-808F-9B25D2682438}.Release|Any CPU.ActiveCfg = Release|Any CPU
		{643272F9-9523-45B9-808F-9B25D2682438}.Release|Any CPU.Build.0 = Release|Any CPU
		{1C64630C-E6D2-4A96-B89A-FB72803841DA}.Debug|Any CPU.ActiveCfg = Debug|Any CPU
		{1C64630C-E6D2-4A96-B89A-FB72803841DA}.Debug|Any CPU.Build.0 = Debug|Any CPU
		{1C64630C-E6D2-4A96-B89A-FB72803841DA}.Release|Any CPU.ActiveCfg = Release|Any CPU
		{1C64630C-E6D2-4A96-B89A-FB72803841DA}.Release|Any CPU.Build.0 = Release|Any CPU
		{BDCDEC15-4E41-4563-9C5C-CFAFBC38A506}.Debug|Any CPU.ActiveCfg = Debug|Any CPU
		{BDCDEC15-4E41-4563-9C5C-CFAFBC38A506}.Debug|Any CPU.Build.0 = Debug|Any CPU
		{BDCDEC15-4E41-4563-9C5C-CFAFBC38A506}.Release|Any CPU.ActiveCfg = Release|Any CPU
		{BDCDEC15-4E41-4563-9C5C-CFAFBC38A506}.Release|Any CPU.Build.0 = Release|Any CPU
		{BE9CD13B-D543-4AA1-85FA-1EB390ECD716}.Debug|Any CPU.ActiveCfg = Debug|Any CPU
		{BE9CD13B-D543-4AA1-85FA-1EB390ECD716}.Debug|Any CPU.Build.0 = Debug|Any CPU
		{BE9CD13B-D543-4AA1-85FA-1EB390ECD716}.Release|Any CPU.ActiveCfg = Release|Any CPU
		{BE9CD13B-D543-4AA1-85FA-1EB390ECD716}.Release|Any CPU.Build.0 = Release|Any CPU
		{F3757A69-DB74-454E-994B-A67D4472A865}.Debug|Any CPU.ActiveCfg = Debug|Any CPU
		{F3757A69-DB74-454E-994B-A67D4472A865}.Debug|Any CPU.Build.0 = Debug|Any CPU
		{F3757A69-DB74-454E-994B-A67D4472A865}.Release|Any CPU.ActiveCfg = Release|Any CPU
		{F3757A69-DB74-454E-994B-A67D4472A865}.Release|Any CPU.Build.0 = Release|Any CPU
		{DFB514DB-A3C0-473D-A5F6-E3BF9785836C}.Debug|Any CPU.ActiveCfg = Debug|Any CPU
		{DFB514DB-A3C0-473D-A5F6-E3BF9785836C}.Debug|Any CPU.Build.0 = Debug|Any CPU
		{DFB514DB-A3C0-473D-A5F6-E3BF9785836C}.Release|Any CPU.ActiveCfg = Release|Any CPU
		{DFB514DB-A3C0-473D-A5F6-E3BF9785836C}.Release|Any CPU.Build.0 = Release|Any CPU
	EndGlobalSection
	GlobalSection(SolutionProperties) = preSolution
		HideSolutionNode = FALSE
	EndGlobalSection
	GlobalSection(NestedProjects) = preSolution
		{476DDC45-1F27-4275-BF3E-98A0DB42C29D} = {68E6AC7A-B6D6-4060-AC5C-0493C1CAF093}
		{095845AB-F82F-4C05-A554-19BF9C8726E3} = {68E6AC7A-B6D6-4060-AC5C-0493C1CAF093}
		{52F62825-B054-4AA0-A0D6-BF261E1B5546} = {68E6AC7A-B6D6-4060-AC5C-0493C1CAF093}
		{87C49480-1070-47EE-96A0-20C5137C58D5} = {52F62825-B054-4AA0-A0D6-BF261E1B5546}
		{9EFF03C2-3D2E-4509-AA4F-53C1F9ADC21C} = {52F62825-B054-4AA0-A0D6-BF261E1B5546}
		{DDCD33B0-AF05-4093-904B-E8DBA7304549} = {7E42F203-AEFE-41B1-AB2B-53AAE6E9BBEE}
		{7E42F203-AEFE-41B1-AB2B-53AAE6E9BBEE} = {68E6AC7A-B6D6-4060-AC5C-0493C1CAF093}
		{643272F9-9523-45B9-808F-9B25D2682438} = {7E42F203-AEFE-41B1-AB2B-53AAE6E9BBEE}
		{1C64630C-E6D2-4A96-B89A-FB72803841DA} = {7E42F203-AEFE-41B1-AB2B-53AAE6E9BBEE}
		{007FA46D-3BE5-4B08-AEE2-55B975C9C076} = {68E6AC7A-B6D6-4060-AC5C-0493C1CAF093}
		{BDCDEC15-4E41-4563-9C5C-CFAFBC38A506} = {007FA46D-3BE5-4B08-AEE2-55B975C9C076}
		{BE9CD13B-D543-4AA1-85FA-1EB390ECD716} = {007FA46D-3BE5-4B08-AEE2-55B975C9C076}
		{F3757A69-DB74-454E-994B-A67D4472A865} = {007FA46D-3BE5-4B08-AEE2-55B975C9C076}
		{DFB514DB-A3C0-473D-A5F6-E3BF9785836C} = {007FA46D-3BE5-4B08-AEE2-55B975C9C076}
	EndGlobalSection
	GlobalSection(ExtensibilityGlobals) = postSolution
		SolutionGuid = {FE8442EC-5938-4FC6-87FD-AA949B4EC6B0}
	EndGlobalSection
EndGlobal
